
Microsoft Visual Studio Solution File, Format Version 12.00
# Visual Studio Version 17
VisualStudioVersion = 17.12.35707.178
MinimumVisualStudioVersion = 10.0.40219.1
Project("{FAE04EC0-301F-11D3-BF4B-00C04F79EFBC}") = "Demo 03", "Demo 03\Demo 03.csproj", "{5A7414B0-AC4D-471D-8BFB-5705BCC60617}"
EndProject
Project("{FAE04EC0-301F-11D3-BF4B-00C04F79EFBC}") = "Assignment 03", "Assignment 03\Assignment 03.csproj", "{0B571BC7-1FBD-4F32-8A0A-230463D83998}"
EndProject
Global
	GlobalSection(SolutionConfigurationPlatforms) = preSolution
		Debug|Any CPU = Debug|Any CPU
		Release|Any CPU = Release|Any CPU
	EndGlobalSection
	GlobalSection(ProjectConfigurationPlatforms) = postSolution
		{5A7414B0-AC4D-471D-8BFB-5705BCC60617}.Debug|Any CPU.ActiveCfg = Debug|Any CPU
		{5A7414B0-AC4D-471D-8BFB-5705BCC60617}.Debug|Any CPU.Build.0 = Debug|Any CPU
		{5A7414B0-AC4D-471D-8BFB-5705BCC60617}.Release|Any CPU.ActiveCfg = Release|Any CPU
		{5A7414B0-AC4D-471D-8BFB-5705BCC60617}.Release|Any CPU.Build.0 = Release|Any CPU
		{0B571BC7-1FBD-4F32-8A0A-230463D83998}.Debug|Any CPU.ActiveCfg = Debug|Any CPU
		{0B571BC7-1FBD-4F32-8A0A-230463D83998}.Debug|Any CPU.Build.0 = Debug|Any CPU
		{0B571BC7-1FBD-4F32-8A0A-230463D83998}.Release|Any CPU.ActiveCfg = Release|Any CPU
		{0B571BC7-1FBD-4F32-8A0A-230463D83998}.Release|Any CPU.Build.0 = Release|Any CPU
	EndGlobalSection
	GlobalSection(SolutionProperties) = preSolution
		HideSolutionNode = FALSE
	EndGlobalSection
EndGlobal
